
Microsoft Visual Studio Solution File, Format Version 12.00
# Visual Studio Version 17
VisualStudioVersion = 17.11.35327.3
MinimumVisualStudioVersion = 10.0.40219.1
Project("{8BC9CEB8-8B4A-11D0-8D11-00A0C91BC942}") = "j1", "j1\j1.vcxproj", "{FD432F7B-ED14-43FC-840D-2609C667CAEE}"
EndProject
Global
	GlobalSection(SolutionConfigurationPlatforms) = preSolution
		Debug|x64 = Debug|x64
		Debug|x86 = Debug|x86
		Release|x64 = Release|x64
		Release|x86 = Release|x86
	EndGlobalSection
	GlobalSection(ProjectConfigurationPlatforms) = postSolution
		{FD432F7B-ED14-43FC-840D-2609C667CAEE}.Debug|x64.ActiveCfg = Debug|x64
		{FD432F7B-ED14-43FC-840D-2609C667CAEE}.Debug|x64.Build.0 = Debug|x64
		{FD432F7B-ED14-43FC-840D-2609C667CAEE}.Debug|x86.ActiveCfg = Debug|Win32
		{FD432F7B-ED14-43FC-840D-2609C667CAEE}.Debug|x86.Build.0 = Debug|Win32
		{FD432F7B-ED14-43FC-840D-2609C667CAEE}.Release|x64.ActiveCfg = Release|x64
		{FD432F7B-ED14-43FC-840D-2609C667CAEE}.Release|x64.Build.0 = Release|x64
		{FD432F7B-ED14-43FC-840D-2609C667CAEE}.Release|x86.ActiveCfg = Release|Win32
		{FD432F7B-ED14-43FC-840D-2609C667CAEE}.Release|x86.Build.0 = Release|Win32
	EndGlobalSection
	GlobalSection(SolutionProperties) = preSolution
		HideSolutionNode = FALSE
	EndGlobalSection
	GlobalSection(ExtensibilityGlobals) = postSolution
		SolutionGuid = {881D51F0-D9EA-416C-9646-CDB7A1683D4E}
	EndGlobalSection
EndGlobal
